# @generated by Move, please check-in and do not edit manually.

[move]
version = 3
manifest_digest = "17FEB7A95A297844BF35164EAD5A14F669F4405548433E632973C04DFFEB59E4"
deps_digest = "F8BBB0CCB2491CA29A3DF03D6F92277A4F3574266507ACD77214D37ECA3F3082"
dependencies = [
  { id = "Sui", name = "Sui" },
]

[[move.package]]
id = "MoveStdlib"
source = { git = "https://github.com/MystenLabs/sui.git", rev = "framework/testnet", subdir = "crates/sui-framework/packages/move-stdlib" }

[[move.package]]
id = "Sui"
source = { git = "https://github.com/MystenLabs/sui.git", rev = "framework/testnet", subdir = "crates/sui-framework/packages/sui-framework" }

dependencies = [
  { id = "MoveStdlib", name = "MoveStdlib" },
]

[move.toolchain-version]
compiler-version = "1.48.1"
edition = "2024.beta"
flavor = "sui"

[env]

[env.testnet]
chain-id = "4c78adac"
original-published-id = "0x9d7f12bca6a107ad4f73d1a789f5575ef8760a372f7e23ffe4b35c8400fc621b"
latest-published-id = "0x9d7f12bca6a107ad4f73d1a789f5575ef8760a372f7e23ffe4b35c8400fc621b"
published-version = "1"
